
Microsoft Visual Studio Solution File, Format Version 12.00
# Visual Studio 15
VisualStudioVersion = 15.0.27130.2026
MinimumVisualStudioVersion = 10.0.40219.1
Project("{FAE04EC0-301F-11D3-BF4B-00C04F79EFBC}") = "StringFormat", "StringFormat\StringFormat.csproj", "{EE607B57-E27E-4D3D-A768-AD50F915A57C}"
EndProject
Global
	GlobalSection(SolutionConfigurationPlatforms) = preSolution
		Debug|Any CPU = Debug|Any CPU
		Release|Any CPU = Release|Any CPU
	EndGlobalSection
	GlobalSection(ProjectConfigurationPlatforms) = postSolution
		{EE607B57-E27E-4D3D-A768-AD50F915A57C}.Debug|Any CPU.ActiveCfg = Debug|Any CPU
		{EE607B57-E27E-4D3D-A768-AD50F915A57C}.Debug|Any CPU.Build.0 = Debug|Any CPU
		{EE607B57-E27E-4D3D-A768-AD50F915A57C}.Release|Any CPU.ActiveCfg = Release|Any CPU
		{EE607B57-E27E-4D3D-A768-AD50F915A57C}.Release|Any CPU.Build.0 = Release|Any CPU
	EndGlobalSection
	GlobalSection(SolutionProperties) = preSolution
		HideSolutionNode = FALSE
	EndGlobalSection
	GlobalSection(ExtensibilityGlobals) = postSolution
		SolutionGuid = {415CFF15-63F3-457E-B386-F5337F3808A3}
	EndGlobalSection
EndGlobal
